
Microsoft Visual Studio Solution File, Format Version 12.00
# Visual Studio Version 16
VisualStudioVersion = 16.0.31105.61
MinimumVisualStudioVersion = 10.0.40219.1
Project("{FAE04EC0-301F-11D3-BF4B-00C04F79EFBC}") = "GuessTheNumber.Android", "GuessTheNumber\GuessTheNumber.Android\GuessTheNumber.Android.csproj", "{026679EA-F834-4522-BBE6-35BB0538FBA9}"
EndProject
Project("{FAE04EC0-301F-11D3-BF4B-00C04F79EFBC}") = "GuessTheNumber", "GuessTheNumber\GuessTheNumber\GuessTheNumber.csproj", "{6AFF41E8-048B-4F56-AC34-80CEBC2256E6}"
EndProject
Global
	GlobalSection(SolutionConfigurationPlatforms) = preSolution
		Debug|Any CPU = Debug|Any CPU
		Release|Any CPU = Release|Any CPU
	EndGlobalSection
	GlobalSection(ProjectConfigurationPlatforms) = postSolution
		{026679EA-F834-4522-BBE6-35BB0538FBA9}.Debug|Any CPU.ActiveCfg = Debug|Any CPU
		{026679EA-F834-4522-BBE6-35BB0538FBA9}.Debug|Any CPU.Build.0 = Debug|Any CPU
		{026679EA-F834-4522-BBE6-35BB0538FBA9}.Debug|Any CPU.Deploy.0 = Debug|Any CPU
		{026679EA-F834-4522-BBE6-35BB0538FBA9}.Release|Any CPU.ActiveCfg = Release|Any CPU
		{026679EA-F834-4522-BBE6-35BB0538FBA9}.Release|Any CPU.Build.0 = Release|Any CPU
		{026679EA-F834-4522-BBE6-35BB0538FBA9}.Release|Any CPU.Deploy.0 = Release|Any CPU
		{6AFF41E8-048B-4F56-AC34-80CEBC2256E6}.Debug|Any CPU.ActiveCfg = Debug|Any CPU
		{6AFF41E8-048B-4F56-AC34-80CEBC2256E6}.Debug|Any CPU.Build.0 = Debug|Any CPU
		{6AFF41E8-048B-4F56-AC34-80CEBC2256E6}.Debug|Any CPU.Deploy.0 = Debug|Any CPU
		{6AFF41E8-048B-4F56-AC34-80CEBC2256E6}.Release|Any CPU.ActiveCfg = Release|Any CPU
		{6AFF41E8-048B-4F56-AC34-80CEBC2256E6}.Release|Any CPU.Build.0 = Release|Any CPU
		{6AFF41E8-048B-4F56-AC34-80CEBC2256E6}.Release|Any CPU.Deploy.0 = Release|Any CPU
	EndGlobalSection
	GlobalSection(SolutionProperties) = preSolution
		HideSolutionNode = FALSE
	EndGlobalSection
	GlobalSection(ExtensibilityGlobals) = postSolution
		SolutionGuid = {CF658953-0BFC-444B-A114-D6147FCB30C5}
	EndGlobalSection
EndGlobal
